{
  "name": "atutility",
  "version": "1.0.11",
  "lockfileVersion": 2,
  "requires": true,
  "packages": {
    "": {
      "name": "atutility",
      "version": "1.0.11",
      "license": "ISC",
      "dependencies": {
        "async-lock": "^1.4.0",
        "js-base64": "^3.7.4",
        "moment": "^2.29.4"
      }
    },
    "node_modules/async-lock": {
      "version": "1.4.0",
      "resolved": "https://registry.npmjs.org/async-lock/-/async-lock-1.4.0.tgz",
      "integrity": "sha512-coglx5yIWuetakm3/1dsX9hxCNox22h7+V80RQOu2XUUMidtArxKoZoOtHUPuR84SycKTXzgGzAUR5hJxujyJQ=="
    },
    "node_modules/js-base64": {
      "version": "3.7.4",
      "resolved": "https://registry.npmjs.org/js-base64/-/js-base64-3.7.4.tgz",
      "integrity": "sha512-wpM/wi20Tl+3ifTyi0RdDckS4YTD4Lf953mBRrpG8547T7hInHNPEj8+ck4gB8VDcGyeAWFK++Wb/fU1BeavKQ=="
    },
    "node_modules/moment": {
      "version": "2.29.4",
      "resolved": "https://registry.npmjs.org/moment/-/moment-2.29.4.tgz",
      "integrity": "sha512-5LC9SOxjSc2HF6vO2CyuTDNivEdoz2IvyJJGj6X8DJ0eFyfszE0QiEd+iXmBvUP3WHxSjFH/vIsA0EN00cgr8w==",
      "engines": {
        "node": "*"
      }
    }
  },
  "dependencies": {
    "async-lock": {
      "version": "1.4.0",
      "resolved": "https://registry.npmjs.org/async-lock/-/async-lock-1.4.0.tgz",
      "integrity": "sha512-coglx5yIWuetakm3/1dsX9hxCNox22h7+V80RQOu2XUUMidtArxKoZoOtHUPuR84SycKTXzgGzAUR5hJxujyJQ=="
    },
    "js-base64": {
      "version": "3.7.4",
      "resolved": "https://registry.npmjs.org/js-base64/-/js-base64-3.7.4.tgz",
      "integrity": "sha512-wpM/wi20Tl+3ifTyi0RdDckS4YTD4Lf953mBRrpG8547T7hInHNPEj8+ck4gB8VDcGyeAWFK++Wb/fU1BeavKQ=="
    },
    "moment": {
      "version": "2.29.4",
      "resolved": "https://registry.npmjs.org/moment/-/moment-2.29.4.tgz",
      "integrity": "sha512-5LC9SOxjSc2HF6vO2CyuTDNivEdoz2IvyJJGj6X8DJ0eFyfszE0QiEd+iXmBvUP3WHxSjFH/vIsA0EN00cgr8w=="
    }
  }
}
